// !$*UTF8*$!
{
	archiveVersion = 1;
	classes = {
	};
	objectVersion = 46;
	objects = {

/* Begin PBXBuildFile section */
		C6EEC6551EF0B6E600593E8F /* AppDelegate.swift in Sources */ = {isa = PBXBuildFile; fileRef = C6EEC6541EF0B6E600593E8F /* AppDelegate.swift */; };
		C6EEC6571EF0B6E600593E8F /* ViewController.swift in Sources */ = {isa = PBXBuildFile; fileRef = C6EEC6561EF0B6E600593E8F /* ViewController.swift */; };
		C6EEC65A1EF0B6E600593E8F /* Main.storyboard in Resources */ = {isa = PBXBuildFile; fileRef = C6EEC6581EF0B6E600593E8F /* Main.storyboard */; };
		C6EEC65C1EF0B6E600593E8F /* Assets.xcassets in Resources */ = {isa = PBXBuildFile; fileRef = C6EEC65B1EF0B6E600593E8F /* Assets.xcassets */; };
		C6EEC65F1EF0B6E600593E8F /* LaunchScreen.storyboard in Resources */ = {isa = PBXBuildFile; fileRef = C6EEC65D1EF0B6E600593E8F /* LaunchScreen.storyboard */; };
		C6EEC66A1EF0B6E600593E8F /* FirstCodeTests.swift in Sources */ = {isa = PBXBuildFile; fileRef = C6EEC6691EF0B6E600593E8F /* FirstCodeTests.swift */; };
		C6EEC6751EF0B6E600593E8F /* FirstCodeUITests.swift in Sources */ = {isa = PBXBuildFile; fileRef = C6EEC6741EF0B6E600593E8F /* FirstCodeUITests.swift */; };
/* End PBXBuildFile section */

/* Begin PBXContainerItemProxy section */
		C6EEC6661EF0B6E600593E8F /* PBXContainerItemProxy */ = {
			isa = PBXContainerItemProxy;
			containerPortal = C6EEC6491EF0B6E600593E8F /* Project object */;
			proxyType = 1;
			remoteGlobalIDString = C6EEC6501EF0B6E600593E8F;
			remoteInfo = FirstCode;
		};
		C6EEC6711EF0B6E600593E8F /* PBXContainerItemProxy */ = {
			isa = PBXContainerItemProxy;
			containerPortal = C6EEC6491EF0B6E600593E8F /* Project object */;
			proxyType = 1;
			remoteGlobalIDString = C6EEC6501EF0B6E600593E8F;
			remoteInfo = FirstCode;
		};
/* End PBXContainerItemProxy section */

/* Begin PBXFileReference section */
		C6EEC6511EF0B6E600593E8F /* FirstCode.app */ = {isa = PBXFileReference; explicitFileType = wrapper.application; includeInIndex = 0; path = FirstCode.app; sourceTree = BUILT_PRODUCTS_DIR; };
		C6EEC6541EF0B6E600593E8F /* AppDelegate.swift */ = {isa = PBXFileReference; lastKnownFileType = sourcecode.swift; path = AppDelegate.swift; sourceTree = "<group>"; };
		C6EEC6561EF0B6E600593E8F /* ViewController.swift */ = {isa = PBXFileReference; lastKnownFileType = sourcecode.swift; path = ViewController.swift; sourceTree = "<group>"; };
		C6EEC6591EF0B6E600593E8F /* Base */ = {isa = PBXFileReference; lastKnownFileType = file.storyboard; name = Base; path = Base.lproj/Main.storyboard; sourceTree = "<group>"; };
		C6EEC65B1EF0B6E600593E8F /* Assets.xcassets */ = {isa = PBXFileReference; lastKnownFileType = folder.assetcatalog; path = Assets.xcassets; sourceTree = "<group>"; };
		C6EEC65E1EF0B6E600593E8F /* Base */ = {isa = PBXFileReference; lastKnownFileType = file.storyboard; name = Base; path = Base.lproj/LaunchScreen.storyboard; sourceTree = "<group>"; };
		C6EEC6601EF0B6E600593E8F /* Info.plist */ = {isa = PBXFileReference; lastKnownFileType = text.plist.xml; path = Info.plist; sourceTree = "<group>"; };
		C6EEC6651EF0B6E600593E8F /* FirstCodeTests.xctest */ = {isa = PBXFileReference; explicitFileType = wrapper.cfbundle; includeInIndex = 0; path = FirstCodeTests.xctest; sourceTree = BUILT_PRODUCTS_DIR; };
		C6EEC6691EF0B6E600593E8F /* FirstCodeTests.swift */ = {isa = PBXFileReference; lastKnownFileType = sourcecode.swift; path = FirstCodeTests.swift; sourceTree = "<group>"; };
		C6EEC66B1EF0B6E600593E8F /* Info.plist */ = {isa = PBXFileReference; lastKnownFileType = text.plist.xml; path = Info.plist; sourceTree = "<group>"; };
		C6EEC6701EF0B6E600593E8F /* FirstCodeUITests.xctest */ = {isa = PBXFileReference; explicitFileType = wrapper.cfbundle; includeInIndex = 0; path = FirstCodeUITests.xctest; sourceTree = BUILT_PRODUCTS_DIR; };
		C6EEC6741EF0B6E600593E8F /* FirstCodeUITests.swift */ = {isa = PBXFileReference; lastKnownFileType = sourcecode.swift; path = FirstCodeUITests.swift; sourceTree = "<group>"; };
		C6EEC6761EF0B6E600593E8F /* Info.plist */ = {isa = PBXFileReference; lastKnownFileType = text.plist.xml; path = Info.plist; sourceTree = "<group>"; };
/* End PBXFileReference section */

/* Begin PBXFrameworksBuildPhase section */
		C6EEC64E1EF0B6E600593E8F /* Frameworks */ = {
			isa = PBXFrameworksBuildPhase;
			buildActionMask = 2147483647;
			files = (
			);
			runOnlyForDeploymentPostprocessing = 0;
		};
		C6EEC6621EF0B6E600593E8F /* Frameworks */ = {
			isa = PBXFrameworksBuildPhase;
			buildActionMask = 2147483647;
			files = (
			);
			runOnlyForDeploymentPostprocessing = 0;
		};
		C6EEC66D1EF0B6E600593E8F /* Frameworks */ = {
			isa = PBXFrameworksBuildPhase;
			buildActionMask = 2147483647;
			files = (
			);
			runOnlyForDeploymentPostprocessing = 0;
		};
/* End PBXFrameworksBuildPhase section */

/* Begin PBXGroup section */
		C6EEC6481EF0B6E600593E8F = {
			isa = PBXGroup;
			children = (
				C6EEC6531EF0B6E600593E8F /* FirstCode */,
				C6EEC6681EF0B6E600593E8F /* FirstCodeTests */,
				C6EEC6731EF0B6E600593E8F /* FirstCodeUITests */,
				C6EEC6521EF0B6E600593E8F /* Products */,
			);
			sourceTree = "<group>";
		};
		C6EEC6521EF0B6E600593E8F /* Products */ = {
			isa = PBXGroup;
			children = (
				C6EEC6511EF0B6E600593E8F /* FirstCode.app */,
				C6EEC6651EF0B6E600593E8F /* FirstCodeTests.xctest */,
				C6EEC6701EF0B6E600593E8F /* FirstCodeUITests.xctest */,
			);
			name = Products;
			sourceTree = "<group>";
		};
		C6EEC6531EF0B6E600593E8F /* FirstCode */ = {
			isa = PBXGroup;
			children = (
				C6EEC6541EF0B6E600593E8F /* AppDelegate.swift */,
				C6EEC6561EF0B6E600593E8F /* ViewController.swift */,
				C6EEC6581EF0B6E600593E8F /* Main.storyboard */,
				C6EEC65B1EF0B6E600593E8F /* Assets.xcassets */,
				C6EEC65D1EF0B6E600593E8F /* LaunchScreen.storyboard */,
				C6EEC6601EF0B6E600593E8F /* Info.plist */,
			);
			path = FirstCode;
			sourceTree = "<group>";
		};
		C6EEC6681EF0B6E600593E8F /* FirstCodeTests */ = {
			isa = PBXGroup;
			children = (
				C6EEC6691EF0B6E600593E8F /* FirstCodeTests.swift */,
				C6EEC66B1EF0B6E600593E8F /* Info.plist */,
			);
			path = FirstCodeTests;
			sourceTree = "<group>";
		};
		C6EEC6731EF0B6E600593E8F /* FirstCodeUITests */ = {
			isa = PBXGroup;
			children = (
				C6EEC6741EF0B6E600593E8F /* FirstCodeUITests.swift */,
				C6EEC6761EF0B6E600593E8F /* Info.plist */,
			);
			path = FirstCodeUITests;
			sourceTree = "<group>";
		};
/* End PBXGroup section */

/* Begin PBXNativeTarget section */
		C6EEC6501EF0B6E600593E8F /* FirstCode */ = {
			isa = PBXNativeTarget;
			buildConfigurationList = C6EEC6791EF0B6E600593E8F /* Build configuration list for PBXNativeTarget "FirstCode" */;
			buildPhases = (
				C6EEC64D1EF0B6E600593E8F /* Sources */,
				C6EEC64E1EF0B6E600593E8F /* Frameworks */,
				C6EEC64F1EF0B6E600593E8F /* Resources */,
			);
			buildRules = (
			);
			dependencies = (
			);
			name = FirstCode;
			productName = FirstCode;
			productReference = C6EEC6511EF0B6E600593E8F /* FirstCode.app */;
			productType = "com.apple.product-type.application";
		};
		C6EEC6641EF0B6E600593E8F /* FirstCodeTests */ = {
			isa = PBXNativeTarget;
			buildConfigurationList = C6EEC67C1EF0B6E600593E8F /* Build configuration list for PBXNativeTarget "FirstCodeTests" */;
			buildPhases = (
				C6EEC6611EF0B6E600593E8F /* Sources */,
				C6EEC6621EF0B6E600593E8F /* Frameworks */,
				C6EEC6631EF0B6E600593E8F /* Resources */,
			);
			buildRules = (
			);
			dependencies = (
				C6EEC6671EF0B6E600593E8F /* PBXTargetDependency */,
			);
			name = FirstCodeTests;
			productName = FirstCodeTests;
			productReference = C6EEC6651EF0B6E600593E8F /* FirstCodeTests.xctest */;
			productType = "com.apple.product-type.bundle.unit-test";
		};
		C6EEC66F1EF0B6E600593E8F /* FirstCodeUITests */ = {
			isa = PBXNativeTarget;
			buildConfigurationList = C6EEC67F1EF0B6E600593E8F /* Build configuration list for PBXNativeTarget "FirstCodeUITests" */;
			buildPhases = (
				C6EEC66C1EF0B6E600593E8F /* Sources */,
				C6EEC66D1EF0B6E600593E8F /* Frameworks */,
				C6EEC66E1EF0B6E600593E8F /* Resources */,
			);
			buildRules = (
			);
			dependencies = (
				C6EEC6721EF0B6E600593E8F /* PBXTargetDependency */,
			);
			name = FirstCodeUITests;
			productName = FirstCodeUITests;
			productReference = C6EEC6701EF0B6E600593E8F /* FirstCodeUITests.xctest */;
			productType = "com.apple.product-type.bundle.ui-testing";
		};
/* End PBXNativeTarget section */

/* Begin PBXProject section */
		C6EEC6491EF0B6E600593E8F /* Project object */ = {
			isa = PBXProject;
			attributes = {
				LastSwiftUpdateCheck = 0830;
				LastUpgradeCheck = 0830;
				ORGANIZATIONNAME = "Mark Clanton";
				TargetAttributes = {
					C6EEC6501EF0B6E600593E8F = {
						CreatedOnToolsVersion = 8.3.3;
						ProvisioningStyle = Automatic;
					};
					C6EEC6641EF0B6E600593E8F = {
						CreatedOnToolsVersion = 8.3.3;
						ProvisioningStyle = Automatic;
						TestTargetID = C6EEC6501EF0B6E600593E8F;
					};
					C6EEC66F1EF0B6E600593E8F = {
						CreatedOnToolsVersion = 8.3.3;
						ProvisioningStyle = Automatic;
						TestTargetID = C6EEC6501EF0B6E600593E8F;
					};
				};
			};
			buildConfigurationList = C6EEC64C1EF0B6E600593E8F /* Build configuration list for PBXProject "FirstCode" */;
			compatibilityVersion = "Xcode 3.2";
			developmentRegion = English;
			hasScannedForEncodings = 0;
			knownRegions = (
				en,
				Base,
			);
			mainGroup = C6EEC6481EF0B6E600593E8F;
			productRefGroup = C6EEC6521EF0B6E600593E8F /* Products */;
			projectDirPath = "";
			projectRoot = "";
			targets = (
				C6EEC6501EF0B6E600593E8F /* FirstCode */,
				C6EEC6641EF0B6E600593E8F /* FirstCodeTests */,
				C6EEC66F1EF0B6E600593E8F /* FirstCodeUITests */,
			);
		};
/* End PBXProject section */

/* Begin PBXResourcesBuildPhase section */
		C6EEC64F1EF0B6E600593E8F /* Resources */ = {
			isa = PBXResourcesBuildPhase;
			buildActionMask = 2147483647;
			files = (
				C6EEC65F1EF0B6E600593E8F /* LaunchScreen.storyboard in Resources */,
				C6EEC65C1EF0B6E600593E8F /* Assets.xcassets in Resources */,
				C6EEC65A1EF0B6E600593E8F /* Main.storyboard in Resources */,
			);
			runOnlyForDeploymentPostprocessing = 0;
		};
		C6EEC6631EF0B6E600593E8F /* Resources */ = {
			isa = PBXResourcesBuildPhase;
			buildActionMask = 2147483647;
			files = (
			);
			runOnlyForDeploymentPostprocessing = 0;
		};
		C6EEC66E1EF0B6E600593E8F /* Resources */ = {
			isa = PBXResourcesBuildPhase;
			buildActionMask = 2147483647;
			files = (
			);
			runOnlyForDeploymentPostprocessing = 0;
		};
/* End PBXResourcesBuildPhase section */

/* Begin PBXSourcesBuildPhase section */
		C6EEC64D1EF0B6E600593E8F /* Sources */ = {
			isa = PBXSourcesBuildPhase;
			buildActionMask = 2147483647;
			files = (
				C6EEC6571EF0B6E600593E8F /* ViewController.swift in Sources */,
				C6EEC6551EF0B6E600593E8F /* AppDelegate.swift in Sources */,
			);
			runOnlyForDeploymentPostprocessing = 0;
		};
		C6EEC6611EF0B6E600593E8F /* Sources */ = {
			isa = PBXSourcesBuildPhase;
			buildActionMask = 2147483647;
			files = (
				C6EEC66A1EF0B6E600593E8F /* FirstCodeTests.swift in Sources */,
			);
			runOnlyForDeploymentPostprocessing = 0;
		};
		C6EEC66C1EF0B6E600593E8F /* Sources */ = {
			isa = PBXSourcesBuildPhase;
			buildActionMask = 2147483647;
			files = (
				C6EEC6751EF0B6E600593E8F /* FirstCodeUITests.swift in Sources */,
			);
			runOnlyForDeploymentPostprocessing = 0;
		};
/* End PBXSourcesBuildPhase section */

/* Begin PBXTargetDependency section */
		C6EEC6671EF0B6E600593E8F /* PBXTargetDependency */ = {
			isa = PBXTargetDependency;
			target = C6EEC6501EF0B6E600593E8F /* FirstCode */;
			targetProxy = C6EEC6661EF0B6E600593E8F /* PBXContainerItemProxy */;
		};
		C6EEC6721EF0B6E600593E8F /* PBXTargetDependency */ = {
			isa = PBXTargetDependency;
			target = C6EEC6501EF0B6E600593E8F /* FirstCode */;
			targetProxy = C6EEC6711EF0B6E600593E8F /* PBXContainerItemProxy */;
		};
/* End PBXTargetDependency section */

/* Begin PBXVariantGroup section */
		C6EEC6581EF0B6E600593E8F /* Main.storyboard */ = {
			isa = PBXVariantGroup;
			children = (
				C6EEC6591EF0B6E600593E8F /* Base */,
			);
			name = Main.storyboard;
			sourceTree = "<group>";
		};
		C6EEC65D1EF0B6E600593E8F /* LaunchScreen.storyboard */ = {
			isa = PBXVariantGroup;
			children = (
				C6EEC65E1EF0B6E600593E8F /* Base */,
			);
			name = LaunchScreen.storyboard;
			sourceTree = "<group>";
		};
/* End PBXVariantGroup section */

/* Begin XCBuildConfiguration section */
		C6EEC6771EF0B6E600593E8F /* Debug */ = {
			isa = XCBuildConfiguration;
			buildSettings = {
				ALWAYS_SEARCH_USER_PATHS = NO;
				CLANG_ANALYZER_NONNULL = YES;
				CLANG_ANALYZER_NUMBER_OBJECT_CONVERSION = YES_AGGRESSIVE;
				CLANG_CXX_LANGUAGE_STANDARD = "gnu++0x";
				CLANG_CXX_LIBRARY = "libc++";
				CLANG_ENABLE_MODULES = YES;
				CLANG_ENABLE_OBJC_ARC = YES;
				CLANG_WARN_BOOL_CONVERSION = YES;
				CLANG_WARN_CONSTANT_CONVERSION = YES;
				CLANG_WARN_DIRECT_OBJC_ISA_USAGE = YES_ERROR;
				CLANG_WARN_DOCUMENTATION_COMMENTS = YES;
				CLANG_WARN_EMPTY_BODY = YES;
				CLANG_WARN_ENUM_CONVERSION = YES;
				CLANG_WARN_INFINITE_RECURSION = YES;
				CLANG_WARN_INT_CONVERSION = YES;
				CLANG_WARN_OBJC_ROOT_CLASS = YES_ERROR;
				CLANG_WARN_SUSPICIOUS_MOVE = YES;
				CLANG_WARN_UNREACHABLE_CODE = YES;
				CLANG_WARN__DUPLICATE_METHOD_MATCH = YES;
				"CODE_SIGN_IDENTITY[sdk=iphoneos*]" = "iPhone Developer";
				COPY_PHASE_STRIP = NO;
				DEBUG_INFORMATION_FORMAT = dwarf;
				ENABLE_STRICT_OBJC_MSGSEND = YES;
				ENABLE_TESTABILITY = YES;
				GCC_C_LANGUAGE_STANDARD = gnu99;
				GCC_DYNAMIC_NO_PIC = NO;
				GCC_NO_COMMON_BLOCKS = YES;
				GCC_OPTIMIZATION_LEVEL = 0;
				GCC_PREPROCESSOR_DEFINITIONS = (
					"DEBUG=1",
					"$(inherited)",
				);
				GCC_WARN_64_TO_32_BIT_CONVERSION = YES;
				GCC_WARN_ABOUT_RETURN_TYPE = YES_ERROR;
				GCC_WARN_UNDECLARED_SELECTOR = YES;
				GCC_WARN_UNINITIALIZED_AUTOS = YES_AGGRESSIVE;
				GCC_WARN_UNUSED_FUNCTION = YES;
				GCC_WARN_UNUSED_VARIABLE = YES;
				IPHONEOS_DEPLOYMENT_TARGET = 10.3;
				MTL_ENABLE_DEBUG_INFO = YES;
				ONLY_ACTIVE_ARCH = YES;
				SDKROOT = iphoneos;
				SWIFT_ACTIVE_COMPILATION_CONDITIONS = DEBUG;
				SWIFT_OPTIMIZATION_LEVEL = "-Onone";
				TARGETED_DEVICE_FAMILY = "1,2";
			};
			name = Debug;
		};
		C6EEC6781EF0B6E600593E8F /* Release */ = {
			isa = XCBuildConfiguration;
			buildSettings = {
				ALWAYS_SEARCH_USER_PATHS = NO;
				CLANG_ANALYZER_NONNULL = YES;
				CLANG_ANALYZER_NUMBER_OBJECT_CONVERSION = YES_AGGRESSIVE;
				CLANG_CXX_LANGUAGE_STANDARD = "gnu++0x";
				CLANG_CXX_LIBRARY = "libc++";
				CLANG_ENABLE_MODULES = YES;
				CLANG_ENABLE_OBJC_ARC = YES;
				CLANG_WARN_BOOL_CONVERSION = YES;
				CLANG_WARN_CONSTANT_CONVERSION = YES;
				CLANG_WARN_DIRECT_OBJC_ISA_USAGE = YES_ERROR;
				CLANG_WARN_DOCUMENTATION_COMMENTS = YES;
				CLANG_WARN_EMPTY_BODY = YES;
				CLANG_WARN_ENUM_CONVERSION = YES;
				CLANG_WARN_INFINITE_RECURSION = YES;
				CLANG_WARN_INT_CONVERSION = YES;
				CLANG_WARN_OBJC_ROOT_CLASS = YES_ERROR;
				CLANG_WARN_SUSPICIOUS_MOVE = YES;
				CLANG_WARN_UNREACHABLE_CODE = YES;
				CLANG_WARN__DUPLICATE_METHOD_MATCH = YES;
				"CODE_SIGN_IDENTITY[sdk=iphoneos*]" = "iPhone Developer";
				COPY_PHASE_STRIP = NO;
				DEBUG_INFORMATION_FORMAT = "dwarf-with-dsym";
				ENABLE_NS_ASSERTIONS = NO;
				ENABLE_STRICT_OBJC_MSGSEND = YES;
				GCC_C_LANGUAGE_STANDARD = gnu99;
				GCC_NO_COMMON_BLOCKS = YES;
				GCC_WARN_64_TO_32_BIT_CONVERSION = YES;
				GCC_WARN_ABOUT_RETURN_TYPE = YES_ERROR;
				GCC_WARN_UNDECLARED_SELECTOR = YES;
				GCC_WARN_UNINITIALIZED_AUTOS = YES_AGGRESSIVE;
				GCC_WARN_UNUSED_FUNCTION = YES;
				GCC_WARN_UNUSED_VARIABLE = YES;
				IPHONEOS_DEPLOYMENT_TARGET = 10.3;
				MTL_ENABLE_DEBUG_INFO = NO;
				SDKROOT = iphoneos;
				SWIFT_OPTIMIZATION_LEVEL = "-Owholemodule";
				TARGETED_DEVICE_FAMILY = "1,2";
				VALIDATE_PRODUCT = YES;
			};
			name = Release;
		};
		C6EEC67A1EF0B6E600593E8F /* Debug */ = {
			isa = XCBuildConfiguration;
			buildSettings = {
				ASSETCATALOG_COMPILER_APPICON_NAME = AppIcon;
				INFOPLIST_FILE = FirstCode/Info.plist;
				LD_RUNPATH_SEARCH_PATHS = "$(inherited) @executable_path/Frameworks";
				PRODUCT_BUNDLE_IDENTIFIER = MyOrg.FirstCode;
				PRODUCT_NAME = "$(TARGET_NAME)";
				SWIFT_VERSION = 3.0;
			};
			name = Debug;
		};
		C6EEC67B1EF0B6E600593E8F /* Release */ = {
			isa = XCBuildConfiguration;
			buildSettings = {
				ASSETCATALOG_COMPILER_APPICON_NAME = AppIcon;
				INFOPLIST_FILE = FirstCode/Info.plist;
				LD_RUNPATH_SEARCH_PATHS = "$(inherited) @executable_path/Frameworks";
				PRODUCT_BUNDLE_IDENTIFIER = MyOrg.FirstCode;
				PRODUCT_NAME = "$(TARGET_NAME)";
				SWIFT_VERSION = 3.0;
			};
			name = Release;
		};
		C6EEC67D1EF0B6E600593E8F /* Debug */ = {
			isa = XCBuildConfiguration;
			buildSettings = {
				ALWAYS_EMBED_SWIFT_STANDARD_LIBRARIES = YES;
				BUNDLE_LOADER = "$(TEST_HOST)";
				INFOPLIST_FILE = FirstCodeTests/Info.plist;
				LD_RUNPATH_SEARCH_PATHS = "$(inherited) @executable_path/Frameworks @loader_path/Frameworks";
				PRODUCT_BUNDLE_IDENTIFIER = MyOrg.FirstCodeTests;
				PRODUCT_NAME = "$(TARGET_NAME)";
				SWIFT_VERSION = 3.0;
				TEST_HOST = "$(BUILT_PRODUCTS_DIR)/FirstCode.app/FirstCode";
			};
			name = Debug;
		};
		C6EEC67E1EF0B6E600593E8F /* Release */ = {
			isa = XCBuildConfiguration;
			buildSettings = {
				ALWAYS_EMBED_SWIFT_STANDARD_LIBRARIES = YES;
				BUNDLE_LOADER = "$(TEST_HOST)";
				INFOPLIST_FILE = FirstCodeTests/Info.plist;
				LD_RUNPATH_SEARCH_PATHS = "$(inherited) @executable_path/Frameworks @loader_path/Frameworks";
				PRODUCT_BUNDLE_IDENTIFIER = MyOrg.FirstCodeTests;
				PRODUCT_NAME = "$(TARGET_NAME)";
				SWIFT_VERSION = 3.0;
				TEST_HOST = "$(BUILT_PRODUCTS_DIR)/FirstCode.app/FirstCode";
			};
			name = Release;
		};
		C6EEC6801EF0B6E600593E8F /* Debug */ = {
			isa = XCBuildConfiguration;
			buildSettings = {
				ALWAYS_EMBED_SWIFT_STANDARD_LIBRARIES = YES;
				INFOPLIST_FILE = FirstCodeUITests/Info.plist;
				LD_RUNPATH_SEARCH_PATHS = "$(inherited) @executable_path/Frameworks @loader_path/Frameworks";
				PRODUCT_BUNDLE_IDENTIFIER = MyOrg.FirstCodeUITests;
				PRODUCT_NAME = "$(TARGET_NAME)";
				SWIFT_VERSION = 3.0;
				TEST_TARGET_NAME = FirstCode;
			};
			name = Debug;
		};
		C6EEC6811EF0B6E600593E8F /* Release */ = {
			isa = XCBuildConfiguration;
			buildSettings = {
				ALWAYS_EMBED_SWIFT_STANDARD_LIBRARIES = YES;
				INFOPLIST_FILE = FirstCodeUITests/Info.plist;
				LD_RUNPATH_SEARCH_PATHS = "$(inherited) @executable_path/Frameworks @loader_path/Frameworks";
				PRODUCT_BUNDLE_IDENTIFIER = MyOrg.FirstCodeUITests;
				PRODUCT_NAME = "$(TARGET_NAME)";
				SWIFT_VERSION = 3.0;
				TEST_TARGET_NAME = FirstCode;
			};
			name = Release;
		};
/* End XCBuildConfiguration section */

/* Begin XCConfigurationList section */
		C6EEC64C1EF0B6E600593E8F /* Build configuration list for PBXProject "FirstCode" */ = {
			isa = XCConfigurationList;
			buildConfigurations = (
				C6EEC6771EF0B6E600593E8F /* Debug */,
				C6EEC6781EF0B6E600593E8F /* Release */,
			);
			defaultConfigurationIsVisible = 0;
			defaultConfigurationName = Release;
		};
		C6EEC6791EF0B6E600593E8F /* Build configuration list for PBXNativeTarget "FirstCode" */ = {
			isa = XCConfigurationList;
			buildConfigurations = (
				C6EEC67A1EF0B6E600593E8F /* Debug */,
				C6EEC67B1EF0B6E600593E8F /* Release */,
			);
			defaultConfigurationIsVisible = 0;
		};
		C6EEC67C1EF0B6E600593E8F /* Build configuration list for PBXNativeTarget "FirstCodeTests" */ = {
			isa = XCConfigurationList;
			buildConfigurations = (
				C6EEC67D1EF0B6E600593E8F /* Debug */,
				C6EEC67E1EF0B6E600593E8F /* Release */,
			);
			defaultConfigurationIsVisible = 0;
		};
		C6EEC67F1EF0B6E600593E8F /* Build configuration list for PBXNativeTarget "FirstCodeUITests" */ = {
			isa = XCConfigurationList;
			buildConfigurations = (
				C6EEC6801EF0B6E600593E8F /* Debug */,
				C6EEC6811EF0B6E600593E8F /* Release */,
			);
			defaultConfigurationIsVisible = 0;
		};
/* End XCConfigurationList section */
	};
	rootObject = C6EEC6491EF0B6E600593E8F /* Project object */;
}
